// !$*UTF8*$!
{
	archiveVersion = 1;
	classes = {
	};
	objectVersion = 46;
	objects = {

/* Begin PBXBuildFile section */
		ACAC2AD31CE428E0004051D1 /* AppDelegate.swift in Sources */ = {isa = PBXBuildFile; fileRef = ACAC2AD21CE428E0004051D1 /* AppDelegate.swift */; };
		ACAC2AD51CE428E0004051D1 /* ViewController.swift in Sources */ = {isa = PBXBuildFile; fileRef = ACAC2AD41CE428E0004051D1 /* ViewController.swift */; };
		ACAC2AD81CE428E0004051D1 /* Main.storyboard in Resources */ = {isa = PBXBuildFile; fileRef = ACAC2AD61CE428E0004051D1 /* Main.storyboard */; };
		ACAC2ADA1CE428E0004051D1 /* Assets.xcassets in Resources */ = {isa = PBXBuildFile; fileRef = ACAC2AD91CE428E0004051D1 /* Assets.xcassets */; };
		ACAC2ADD1CE428E0004051D1 /* LaunchScreen.storyboard in Resources */ = {isa = PBXBuildFile; fileRef = ACAC2ADB1CE428E0004051D1 /* LaunchScreen.storyboard */; };
		ACAC2AE81CE428E0004051D1 /* recordingsTests.swift in Sources */ = {isa = PBXBuildFile; fileRef = ACAC2AE71CE428E0004051D1 /* recordingsTests.swift */; };
		ACAC2AF31CE42916004051D1 /* TimelapseCameraEngine.swift in Sources */ = {isa = PBXBuildFile; fileRef = ACAC2AF21CE42916004051D1 /* TimelapseCameraEngine.swift */; };
		ACAC2AF51CE4294C004051D1 /* Logger.swift in Sources */ = {isa = PBXBuildFile; fileRef = ACAC2AF41CE4294C004051D1 /* Logger.swift */; };
		ACAC2AF71CE42C03004051D1 /* TimelapseViewController.swift in Sources */ = {isa = PBXBuildFile; fileRef = ACAC2AF61CE42C03004051D1 /* TimelapseViewController.swift */; };
		ACAC2AFB1CEB0501004051D1 /* VineCameraEngine.swift in Sources */ = {isa = PBXBuildFile; fileRef = ACAC2AF91CEB0501004051D1 /* VineCameraEngine.swift */; };
		ACAC2AFC1CEB0501004051D1 /* VineViewController.swift in Sources */ = {isa = PBXBuildFile; fileRef = ACAC2AFA1CEB0501004051D1 /* VineViewController.swift */; };
/* End PBXBuildFile section */

/* Begin PBXContainerItemProxy section */
		ACAC2AE41CE428E0004051D1 /* PBXContainerItemProxy */ = {
			isa = PBXContainerItemProxy;
			containerPortal = ACAC2AC71CE428E0004051D1 /* Project object */;
			proxyType = 1;
			remoteGlobalIDString = ACAC2ACE1CE428E0004051D1;
			remoteInfo = recordings;
		};
/* End PBXContainerItemProxy section */

/* Begin PBXFileReference section */
		ACAC2ACF1CE428E0004051D1 /* recordings.app */ = {isa = PBXFileReference; explicitFileType = wrapper.application; includeInIndex = 0; path = recordings.app; sourceTree = BUILT_PRODUCTS_DIR; };
		ACAC2AD21CE428E0004051D1 /* AppDelegate.swift */ = {isa = PBXFileReference; lastKnownFileType = sourcecode.swift; path = AppDelegate.swift; sourceTree = "<group>"; };
		ACAC2AD41CE428E0004051D1 /* ViewController.swift */ = {isa = PBXFileReference; lastKnownFileType = sourcecode.swift; path = ViewController.swift; sourceTree = "<group>"; };
		ACAC2AD71CE428E0004051D1 /* Base */ = {isa = PBXFileReference; lastKnownFileType = file.storyboard; name = Base; path = Base.lproj/Main.storyboard; sourceTree = "<group>"; };
		ACAC2AD91CE428E0004051D1 /* Assets.xcassets */ = {isa = PBXFileReference; lastKnownFileType = folder.assetcatalog; path = Assets.xcassets; sourceTree = "<group>"; };
		ACAC2ADC1CE428E0004051D1 /* Base */ = {isa = PBXFileReference; lastKnownFileType = file.storyboard; name = Base; path = Base.lproj/LaunchScreen.storyboard; sourceTree = "<group>"; };
		ACAC2ADE1CE428E0004051D1 /* Info.plist */ = {isa = PBXFileReference; lastKnownFileType = text.plist.xml; path = Info.plist; sourceTree = "<group>"; };
		ACAC2AE31CE428E0004051D1 /* recordingsTests.xctest */ = {isa = PBXFileReference; explicitFileType = wrapper.cfbundle; includeInIndex = 0; path = recordingsTests.xctest; sourceTree = BUILT_PRODUCTS_DIR; };
		ACAC2AE71CE428E0004051D1 /* recordingsTests.swift */ = {isa = PBXFileReference; lastKnownFileType = sourcecode.swift; path = recordingsTests.swift; sourceTree = "<group>"; };
		ACAC2AE91CE428E0004051D1 /* Info.plist */ = {isa = PBXFileReference; lastKnownFileType = text.plist.xml; path = Info.plist; sourceTree = "<group>"; };
		ACAC2AF21CE42916004051D1 /* TimelapseCameraEngine.swift */ = {isa = PBXFileReference; fileEncoding = 4; lastKnownFileType = sourcecode.swift; path = TimelapseCameraEngine.swift; sourceTree = "<group>"; };
		ACAC2AF41CE4294C004051D1 /* Logger.swift */ = {isa = PBXFileReference; fileEncoding = 4; lastKnownFileType = sourcecode.swift; path = Logger.swift; sourceTree = "<group>"; };
		ACAC2AF61CE42C03004051D1 /* TimelapseViewController.swift */ = {isa = PBXFileReference; fileEncoding = 4; lastKnownFileType = sourcecode.swift; path = TimelapseViewController.swift; sourceTree = "<group>"; };
		ACAC2AF91CEB0501004051D1 /* VineCameraEngine.swift */ = {isa = PBXFileReference; fileEncoding = 4; lastKnownFileType = sourcecode.swift; path = VineCameraEngine.swift; sourceTree = "<group>"; };
		ACAC2AFA1CEB0501004051D1 /* VineViewController.swift */ = {isa = PBXFileReference; fileEncoding = 4; lastKnownFileType = sourcecode.swift; path = VineViewController.swift; sourceTree = "<group>"; };
/* End PBXFileReference section */

/* Begin PBXFrameworksBuildPhase section */
		ACAC2ACC1CE428E0004051D1 /* Frameworks */ = {
			isa = PBXFrameworksBuildPhase;
			buildActionMask = 2147483647;
			files = (
			);
			runOnlyForDeploymentPostprocessing = 0;
		};
		ACAC2AE01CE428E0004051D1 /* Frameworks */ = {
			isa = PBXFrameworksBuildPhase;
			buildActionMask = 2147483647;
			files = (
			);
			runOnlyForDeploymentPostprocessing = 0;
		};
/* End PBXFrameworksBuildPhase section */

/* Begin PBXGroup section */
		ACAC2AC61CE428E0004051D1 = {
			isa = PBXGroup;
			children = (
				ACAC2AD11CE428E0004051D1 /* recordings */,
				ACAC2AE61CE428E0004051D1 /* recordingsTests */,
				ACAC2AD01CE428E0004051D1 /* Products */,
			);
			sourceTree = "<group>";
		};
		ACAC2AD01CE428E0004051D1 /* Products */ = {
			isa = PBXGroup;
			children = (
				ACAC2ACF1CE428E0004051D1 /* recordings.app */,
				ACAC2AE31CE428E0004051D1 /* recordingsTests.xctest */,
			);
			name = Products;
			sourceTree = "<group>";
		};
		ACAC2AD11CE428E0004051D1 /* recordings */ = {
			isa = PBXGroup;
			children = (
				ACAC2AD21CE428E0004051D1 /* AppDelegate.swift */,
				ACAC2AD41CE428E0004051D1 /* ViewController.swift */,
				ACAC2AD61CE428E0004051D1 /* Main.storyboard */,
				ACAC2AD91CE428E0004051D1 /* Assets.xcassets */,
				ACAC2AF41CE4294C004051D1 /* Logger.swift */,
				ACAC2ADB1CE428E0004051D1 /* LaunchScreen.storyboard */,
				ACAC2ADE1CE428E0004051D1 /* Info.plist */,
				ACAC2AF61CE42C03004051D1 /* TimelapseViewController.swift */,
				ACAC2AF21CE42916004051D1 /* TimelapseCameraEngine.swift */,
				ACAC2AF91CEB0501004051D1 /* VineCameraEngine.swift */,
				ACAC2AFA1CEB0501004051D1 /* VineViewController.swift */,
			);
			path = recordings;
			sourceTree = "<group>";
		};
		ACAC2AE61CE428E0004051D1 /* recordingsTests */ = {
			isa = PBXGroup;
			children = (
				ACAC2AE71CE428E0004051D1 /* recordingsTests.swift */,
				ACAC2AE91CE428E0004051D1 /* Info.plist */,
			);
			path = recordingsTests;
			sourceTree = "<group>";
		};
/* End PBXGroup section */

/* Begin PBXNativeTarget section */
		ACAC2ACE1CE428E0004051D1 /* recordings */ = {
			isa = PBXNativeTarget;
			buildConfigurationList = ACAC2AEC1CE428E0004051D1 /* Build configuration list for PBXNativeTarget "recordings" */;
			buildPhases = (
				ACAC2ACB1CE428E0004051D1 /* Sources */,
				ACAC2ACC1CE428E0004051D1 /* Frameworks */,
				ACAC2ACD1CE428E0004051D1 /* Resources */,
			);
			buildRules = (
			);
			dependencies = (
			);
			name = recordings;
			productName = recordings;
			productReference = ACAC2ACF1CE428E0004051D1 /* recordings.app */;
			productType = "com.apple.product-type.application";
		};
		ACAC2AE21CE428E0004051D1 /* recordingsTests */ = {
			isa = PBXNativeTarget;
			buildConfigurationList = ACAC2AEF1CE428E0004051D1 /* Build configuration list for PBXNativeTarget "recordingsTests" */;
			buildPhases = (
				ACAC2ADF1CE428E0004051D1 /* Sources */,
				ACAC2AE01CE428E0004051D1 /* Frameworks */,
				ACAC2AE11CE428E0004051D1 /* Resources */,
			);
			buildRules = (
			);
			dependencies = (
				ACAC2AE51CE428E0004051D1 /* PBXTargetDependency */,
			);
			name = recordingsTests;
			productName = recordingsTests;
			productReference = ACAC2AE31CE428E0004051D1 /* recordingsTests.xctest */;
			productType = "com.apple.product-type.bundle.unit-test";
		};
/* End PBXNativeTarget section */

/* Begin PBXProject section */
		ACAC2AC71CE428E0004051D1 /* Project object */ = {
			isa = PBXProject;
			attributes = {
				LastSwiftUpdateCheck = 0730;
				LastUpgradeCheck = 0730;
				ORGANIZATIONNAME = takecian;
				TargetAttributes = {
					ACAC2ACE1CE428E0004051D1 = {
						CreatedOnToolsVersion = 7.3;
					};
					ACAC2AE21CE428E0004051D1 = {
						CreatedOnToolsVersion = 7.3;
						TestTargetID = ACAC2ACE1CE428E0004051D1;
					};
				};
			};
			buildConfigurationList = ACAC2ACA1CE428E0004051D1 /* Build configuration list for PBXProject "recordings" */;
			compatibilityVersion = "Xcode 3.2";
			developmentRegion = English;
			hasScannedForEncodings = 0;
			knownRegions = (
				en,
				Base,
			);
			mainGroup = ACAC2AC61CE428E0004051D1;
			productRefGroup = ACAC2AD01CE428E0004051D1 /* Products */;
			projectDirPath = "";
			projectRoot = "";
			targets = (
				ACAC2ACE1CE428E0004051D1 /* recordings */,
				ACAC2AE21CE428E0004051D1 /* recordingsTests */,
			);
		};
/* End PBXProject section */

/* Begin PBXResourcesBuildPhase section */
		ACAC2ACD1CE428E0004051D1 /* Resources */ = {
			isa = PBXResourcesBuildPhase;
			buildActionMask = 2147483647;
			files = (
				ACAC2ADD1CE428E0004051D1 /* LaunchScreen.storyboard in Resources */,
				ACAC2ADA1CE428E0004051D1 /* Assets.xcassets in Resources */,
				ACAC2AD81CE428E0004051D1 /* Main.storyboard in Resources */,
			);
			runOnlyForDeploymentPostprocessing = 0;
		};
		ACAC2AE11CE428E0004051D1 /* Resources */ = {
			isa = PBXResourcesBuildPhase;
			buildActionMask = 2147483647;
			files = (
			);
			runOnlyForDeploymentPostprocessing = 0;
		};
/* End PBXResourcesBuildPhase section */

/* Begin PBXSourcesBuildPhase section */
		ACAC2ACB1CE428E0004051D1 /* Sources */ = {
			isa = PBXSourcesBuildPhase;
			buildActionMask = 2147483647;
			files = (
				ACAC2AD51CE428E0004051D1 /* ViewController.swift in Sources */,
				ACAC2AFC1CEB0501004051D1 /* VineViewController.swift in Sources */,
				ACAC2AD31CE428E0004051D1 /* AppDelegate.swift in Sources */,
				ACAC2AF71CE42C03004051D1 /* TimelapseViewController.swift in Sources */,
				ACAC2AF31CE42916004051D1 /* TimelapseCameraEngine.swift in Sources */,
				ACAC2AFB1CEB0501004051D1 /* VineCameraEngine.swift in Sources */,
				ACAC2AF51CE4294C004051D1 /* Logger.swift in Sources */,
			);
			runOnlyForDeploymentPostprocessing = 0;
		};
		ACAC2ADF1CE428E0004051D1 /* Sources */ = {
			isa = PBXSourcesBuildPhase;
			buildActionMask = 2147483647;
			files = (
				ACAC2AE81CE428E0004051D1 /* recordingsTests.swift in Sources */,
			);
			runOnlyForDeploymentPostprocessing = 0;
		};
/* End PBXSourcesBuildPhase section */

/* Begin PBXTargetDependency section */
		ACAC2AE51CE428E0004051D1 /* PBXTargetDependency */ = {
			isa = PBXTargetDependency;
			target = ACAC2ACE1CE428E0004051D1 /* recordings */;
			targetProxy = ACAC2AE41CE428E0004051D1 /* PBXContainerItemProxy */;
		};
/* End PBXTargetDependency section */

/* Begin PBXVariantGroup section */
		ACAC2AD61CE428E0004051D1 /* Main.storyboard */ = {
			isa = PBXVariantGroup;
			children = (
				ACAC2AD71CE428E0004051D1 /* Base */,
			);
			name = Main.storyboard;
			sourceTree = "<group>";
		};
		ACAC2ADB1CE428E0004051D1 /* LaunchScreen.storyboard */ = {
			isa = PBXVariantGroup;
			children = (
				ACAC2ADC1CE428E0004051D1 /* Base */,
			);
			name = LaunchScreen.storyboard;
			sourceTree = "<group>";
		};
/* End PBXVariantGroup section */

/* Begin XCBuildConfiguration section */
		ACAC2AEA1CE428E0004051D1 /* Debug */ = {
			isa = XCBuildConfiguration;
			buildSettings = {
				ALWAYS_SEARCH_USER_PATHS = NO;
				CLANG_ANALYZER_NONNULL = YES;
				CLANG_CXX_LANGUAGE_STANDARD = "gnu++0x";
				CLANG_CXX_LIBRARY = "libc++";
				CLANG_ENABLE_MODULES = YES;
				CLANG_ENABLE_OBJC_ARC = YES;
				CLANG_WARN_BOOL_CONVERSION = YES;
				CLANG_WARN_CONSTANT_CONVERSION = YES;
				CLANG_WARN_DIRECT_OBJC_ISA_USAGE = YES_ERROR;
				CLANG_WARN_EMPTY_BODY = YES;
				CLANG_WARN_ENUM_CONVERSION = YES;
				CLANG_WARN_INT_CONVERSION = YES;
				CLANG_WARN_OBJC_ROOT_CLASS = YES_ERROR;
				CLANG_WARN_UNREACHABLE_CODE = YES;
				CLANG_WARN__DUPLICATE_METHOD_MATCH = YES;
				"CODE_SIGN_IDENTITY[sdk=iphoneos*]" = "iPhone Developer";
				COPY_PHASE_STRIP = NO;
				DEBUG_INFORMATION_FORMAT = dwarf;
				ENABLE_STRICT_OBJC_MSGSEND = YES;
				ENABLE_TESTABILITY = YES;
				GCC_C_LANGUAGE_STANDARD = gnu99;
				GCC_DYNAMIC_NO_PIC = NO;
				GCC_NO_COMMON_BLOCKS = YES;
				GCC_OPTIMIZATION_LEVEL = 0;
				GCC_PREPROCESSOR_DEFINITIONS = (
					"DEBUG=1",
					"$(inherited)",
				);
				GCC_WARN_64_TO_32_BIT_CONVERSION = YES;
				GCC_WARN_ABOUT_RETURN_TYPE = YES_ERROR;
				GCC_WARN_UNDECLARED_SELECTOR = YES;
				GCC_WARN_UNINITIALIZED_AUTOS = YES_AGGRESSIVE;
				GCC_WARN_UNUSED_FUNCTION = YES;
				GCC_WARN_UNUSED_VARIABLE = YES;
				IPHONEOS_DEPLOYMENT_TARGET = 8.0;
				MTL_ENABLE_DEBUG_INFO = YES;
				ONLY_ACTIVE_ARCH = YES;
				SDKROOT = iphoneos;
				SWIFT_OPTIMIZATION_LEVEL = "-Onone";
			};
			name = Debug;
		};
		ACAC2AEB1CE428E0004051D1 /* Release */ = {
			isa = XCBuildConfiguration;
			buildSettings = {
				ALWAYS_SEARCH_USER_PATHS = NO;
				CLANG_ANALYZER_NONNULL = YES;
				CLANG_CXX_LANGUAGE_STANDARD = "gnu++0x";
				CLANG_CXX_LIBRARY = "libc++";
				CLANG_ENABLE_MODULES = YES;
				CLANG_ENABLE_OBJC_ARC = YES;
				CLANG_WARN_BOOL_CONVERSION = YES;
				CLANG_WARN_CONSTANT_CONVERSION = YES;
				CLANG_WARN_DIRECT_OBJC_ISA_USAGE = YES_ERROR;
				CLANG_WARN_EMPTY_BODY = YES;
				CLANG_WARN_ENUM_CONVERSION = YES;
				CLANG_WARN_INT_CONVERSION = YES;
				CLANG_WARN_OBJC_ROOT_CLASS = YES_ERROR;
				CLANG_WARN_UNREACHABLE_CODE = YES;
				CLANG_WARN__DUPLICATE_METHOD_MATCH = YES;
				"CODE_SIGN_IDENTITY[sdk=iphoneos*]" = "iPhone Developer";
				COPY_PHASE_STRIP = NO;
				DEBUG_INFORMATION_FORMAT = "dwarf-with-dsym";
				ENABLE_NS_ASSERTIONS = NO;
				ENABLE_STRICT_OBJC_MSGSEND = YES;
				GCC_C_LANGUAGE_STANDARD = gnu99;
				GCC_NO_COMMON_BLOCKS = YES;
				GCC_WARN_64_TO_32_BIT_CONVERSION = YES;
				GCC_WARN_ABOUT_RETURN_TYPE = YES_ERROR;
				GCC_WARN_UNDECLARED_SELECTOR = YES;
				GCC_WARN_UNINITIALIZED_AUTOS = YES_AGGRESSIVE;
				GCC_WARN_UNUSED_FUNCTION = YES;
				GCC_WARN_UNUSED_VARIABLE = YES;
				IPHONEOS_DEPLOYMENT_TARGET = 8.0;
				MTL_ENABLE_DEBUG_INFO = NO;
				SDKROOT = iphoneos;
				VALIDATE_PRODUCT = YES;
			};
			name = Release;
		};
		ACAC2AED1CE428E0004051D1 /* Debug */ = {
			isa = XCBuildConfiguration;
			buildSettings = {
				ASSETCATALOG_COMPILER_APPICON_NAME = AppIcon;
				INFOPLIST_FILE = recordings/Info.plist;
				LD_RUNPATH_SEARCH_PATHS = "$(inherited) @executable_path/Frameworks";
				PRODUCT_BUNDLE_IDENTIFIER = com.takecian.recordings;
				PRODUCT_NAME = "$(TARGET_NAME)";
			};
			name = Debug;
		};
		ACAC2AEE1CE428E0004051D1 /* Release */ = {
			isa = XCBuildConfiguration;
			buildSettings = {
				ASSETCATALOG_COMPILER_APPICON_NAME = AppIcon;
				INFOPLIST_FILE = recordings/Info.plist;
				LD_RUNPATH_SEARCH_PATHS = "$(inherited) @executable_path/Frameworks";
				PRODUCT_BUNDLE_IDENTIFIER = com.takecian.recordings;
				PRODUCT_NAME = "$(TARGET_NAME)";
			};
			name = Release;
		};
		ACAC2AF01CE428E0004051D1 /* Debug */ = {
			isa = XCBuildConfiguration;
			buildSettings = {
				BUNDLE_LOADER = "$(TEST_HOST)";
				INFOPLIST_FILE = recordingsTests/Info.plist;
				LD_RUNPATH_SEARCH_PATHS = "$(inherited) @executable_path/Frameworks @loader_path/Frameworks";
				PRODUCT_BUNDLE_IDENTIFIER = com.takecian.recordingsTests;
				PRODUCT_NAME = "$(TARGET_NAME)";
				TEST_HOST = "$(BUILT_PRODUCTS_DIR)/recordings.app/recordings";
			};
			name = Debug;
		};
		ACAC2AF11CE428E0004051D1 /* Release */ = {
			isa = XCBuildConfiguration;
			buildSettings = {
				BUNDLE_LOADER = "$(TEST_HOST)";
				INFOPLIST_FILE = recordingsTests/Info.plist;
				LD_RUNPATH_SEARCH_PATHS = "$(inherited) @executable_path/Frameworks @loader_path/Frameworks";
				PRODUCT_BUNDLE_IDENTIFIER = com.takecian.recordingsTests;
				PRODUCT_NAME = "$(TARGET_NAME)";
				TEST_HOST = "$(BUILT_PRODUCTS_DIR)/recordings.app/recordings";
			};
			name = Release;
		};
/* End XCBuildConfiguration section */

/* Begin XCConfigurationList section */
		ACAC2ACA1CE428E0004051D1 /* Build configuration list for PBXProject "recordings" */ = {
			isa = XCConfigurationList;
			buildConfigurations = (
				ACAC2AEA1CE428E0004051D1 /* Debug */,
				ACAC2AEB1CE428E0004051D1 /* Release */,
			);
			defaultConfigurationIsVisible = 0;
			defaultConfigurationName = Release;
		};
		ACAC2AEC1CE428E0004051D1 /* Build configuration list for PBXNativeTarget "recordings" */ = {
			isa = XCConfigurationList;
			buildConfigurations = (
				ACAC2AED1CE428E0004051D1 /* Debug */,
				ACAC2AEE1CE428E0004051D1 /* Release */,
			);
			defaultConfigurationIsVisible = 0;
		};
		ACAC2AEF1CE428E0004051D1 /* Build configuration list for PBXNativeTarget "recordingsTests" */ = {
			isa = XCConfigurationList;
			buildConfigurations = (
				ACAC2AF01CE428E0004051D1 /* Debug */,
				ACAC2AF11CE428E0004051D1 /* Release */,
			);
			defaultConfigurationIsVisible = 0;
		};
/* End XCConfigurationList section */
	};
	rootObject = ACAC2AC71CE428E0004051D1 /* Project object */;
}
